
Microsoft Visual Studio Solution File, Format Version 12.00
# Visual Studio Version 16
VisualStudioVersion = 16.0.31005.135
MinimumVisualStudioVersion = 10.0.40219.1
Project("{FAE04EC0-301F-11D3-BF4B-00C04F79EFBC}") = "Mazur_HW_11", "Mazur_HW_11.csproj", "{5589031F-6729-4595-B45E-D4DB6738F94A}"
EndProject
Global
	GlobalSection(SolutionConfigurationPlatforms) = preSolution
		Debug|Any CPU = Debug|Any CPU
		Release|Any CPU = Release|Any CPU
	EndGlobalSection
	GlobalSection(ProjectConfigurationPlatforms) = postSolution
		{5589031F-6729-4595-B45E-D4DB6738F94A}.Debug|Any CPU.ActiveCfg = Debug|Any CPU
		{5589031F-6729-4595-B45E-D4DB6738F94A}.Debug|Any CPU.Build.0 = Debug|Any CPU
		{5589031F-6729-4595-B45E-D4DB6738F94A}.Release|Any CPU.ActiveCfg = Release|Any CPU
		{5589031F-6729-4595-B45E-D4DB6738F94A}.Release|Any CPU.Build.0 = Release|Any CPU
	EndGlobalSection
	GlobalSection(SolutionProperties) = preSolution
		HideSolutionNode = FALSE
	EndGlobalSection
	GlobalSection(ExtensibilityGlobals) = postSolution
		SolutionGuid = {D97CE835-4FE5-4127-9DF5-BD5CCE982EC2}
	EndGlobalSection
EndGlobal
